# This file is automatically @generated by Cargo.
# It is not intended for manual editing.
version = 4

[[package]]
name = "formatted_number_with_Rust_functions"
version = "0.1.0"
dependencies = [
 "rust-functions",
]

[[package]]
name = "rust-functions"
version = "0.1.0"
source = "registry+https://github.com/rust-lang/crates.io-index"
checksum = "7eae23102cbff357b0de57306edc454a00b8e5405ec62122a1a0afdf52eeff8a"
