# This file is automatically @generated by Cargo.
# It is not intended for manual editing.
version = 4

[[package]]
name = "formatted_number_with_Rust_functions"
version = "0.1.0"
dependencies = [
 "rust-functions",
]

[[package]]
name = "rust-functions"
version = "0.2.1"
source = "registry+https://github.com/rust-lang/crates.io-index"
checksum = "441110cda2e246976517ae26371388f3ca9a2cadc4561d5f5d6925c434e3083e"
